// !$*UTF8*$!
{
	archiveVersion = 1;
	classes = {
	};
	objectVersion = 55;
	objects = {

/* Begin PBXBuildFile section */
		6047614F287CD14F00286FE2 /* AppDelegate.swift in Sources */ = {isa = PBXBuildFile; fileRef = 6047614E287CD14F00286FE2 /* AppDelegate.swift */; };
		60476151287CD14F00286FE2 /* SceneDelegate.swift in Sources */ = {isa = PBXBuildFile; fileRef = 60476150287CD14F00286FE2 /* SceneDelegate.swift */; };
		60476153287CD14F00286FE2 /* ViewController.swift in Sources */ = {isa = PBXBuildFile; fileRef = 60476152287CD14F00286FE2 /* ViewController.swift */; };
		60476156287CD14F00286FE2 /* Main.storyboard in Resources */ = {isa = PBXBuildFile; fileRef = 60476154287CD14F00286FE2 /* Main.storyboard */; };
		60476158287CD14F00286FE2 /* Assets.xcassets in Resources */ = {isa = PBXBuildFile; fileRef = 60476157287CD14F00286FE2 /* Assets.xcassets */; };
		6047615B287CD14F00286FE2 /* LaunchScreen.storyboard in Resources */ = {isa = PBXBuildFile; fileRef = 60476159287CD14F00286FE2 /* LaunchScreen.storyboard */; };
		60476163287CD1B900286FE2 /* MovieModel.swift in Sources */ = {isa = PBXBuildFile; fileRef = 60476162287CD1B900286FE2 /* MovieModel.swift */; };
		60476167287CD20C00286FE2 /* MovieListTableViewCell.swift in Sources */ = {isa = PBXBuildFile; fileRef = 60476166287CD20C00286FE2 /* MovieListTableViewCell.swift */; };
		60CF33B9287D8F4F00E429E4 /* Details.storyboard in Resources */ = {isa = PBXBuildFile; fileRef = 60CF33B8287D8F4F00E429E4 /* Details.storyboard */; };
		60CF33BB287D8F8A00E429E4 /* DetailsViewController.swift in Sources */ = {isa = PBXBuildFile; fileRef = 60CF33BA287D8F8A00E429E4 /* DetailsViewController.swift */; };
		60CF33BD287D909E00E429E4 /* ViewCornerRadiusExtension.swift in Sources */ = {isa = PBXBuildFile; fileRef = 60CF33BC287D909E00E429E4 /* ViewCornerRadiusExtension.swift */; };
		60CF33BF287DA2B000E429E4 /* FormatingLongNumberDouble .swift in Sources */ = {isa = PBXBuildFile; fileRef = 60CF33BE287DA2B000E429E4 /* FormatingLongNumberDouble .swift */; };
/* End PBXBuildFile section */

/* Begin PBXFileReference section */
		6047614B287CD14F00286FE2 /* Natia_L_HW15.app */ = {isa = PBXFileReference; explicitFileType = wrapper.application; includeInIndex = 0; path = Natia_L_HW15.app; sourceTree = BUILT_PRODUCTS_DIR; };
		6047614E287CD14F00286FE2 /* AppDelegate.swift */ = {isa = PBXFileReference; lastKnownFileType = sourcecode.swift; path = AppDelegate.swift; sourceTree = "<group>"; };
		60476150287CD14F00286FE2 /* SceneDelegate.swift */ = {isa = PBXFileReference; lastKnownFileType = sourcecode.swift; path = SceneDelegate.swift; sourceTree = "<group>"; };
		60476152287CD14F00286FE2 /* ViewController.swift */ = {isa = PBXFileReference; lastKnownFileType = sourcecode.swift; path = ViewController.swift; sourceTree = "<group>"; };
		60476155287CD14F00286FE2 /* Base */ = {isa = PBXFileReference; lastKnownFileType = file.storyboard; name = Base; path = Base.lproj/Main.storyboard; sourceTree = "<group>"; };
		60476157287CD14F00286FE2 /* Assets.xcassets */ = {isa = PBXFileReference; lastKnownFileType = folder.assetcatalog; path = Assets.xcassets; sourceTree = "<group>"; };
		6047615A287CD14F00286FE2 /* Base */ = {isa = PBXFileReference; lastKnownFileType = file.storyboard; name = Base; path = Base.lproj/LaunchScreen.storyboard; sourceTree = "<group>"; };
		6047615C287CD14F00286FE2 /* Info.plist */ = {isa = PBXFileReference; lastKnownFileType = text.plist.xml; path = Info.plist; sourceTree = "<group>"; };
		60476162287CD1B900286FE2 /* MovieModel.swift */ = {isa = PBXFileReference; lastKnownFileType = sourcecode.swift; path = MovieModel.swift; sourceTree = "<group>"; };
		60476166287CD20C00286FE2 /* MovieListTableViewCell.swift */ = {isa = PBXFileReference; lastKnownFileType = sourcecode.swift; path = MovieListTableViewCell.swift; sourceTree = "<group>"; };
		60CF33B8287D8F4F00E429E4 /* Details.storyboard */ = {isa = PBXFileReference; lastKnownFileType = file.storyboard; path = Details.storyboard; sourceTree = "<group>"; };
		60CF33BA287D8F8A00E429E4 /* DetailsViewController.swift */ = {isa = PBXFileReference; lastKnownFileType = sourcecode.swift; path = DetailsViewController.swift; sourceTree = "<group>"; };
		60CF33BC287D909E00E429E4 /* ViewCornerRadiusExtension.swift */ = {isa = PBXFileReference; lastKnownFileType = sourcecode.swift; path = ViewCornerRadiusExtension.swift; sourceTree = "<group>"; };
		60CF33BE287DA2B000E429E4 /* FormatingLongNumberDouble .swift */ = {isa = PBXFileReference; lastKnownFileType = sourcecode.swift; path = "FormatingLongNumberDouble .swift"; sourceTree = "<group>"; };
/* End PBXFileReference section */

/* Begin PBXFrameworksBuildPhase section */
		60476148287CD14F00286FE2 /* Frameworks */ = {
			isa = PBXFrameworksBuildPhase;
			buildActionMask = 2147483647;
			files = (
			);
			runOnlyForDeploymentPostprocessing = 0;
		};
/* End PBXFrameworksBuildPhase section */

/* Begin PBXGroup section */
		60476142287CD14F00286FE2 = {
			isa = PBXGroup;
			children = (
				6047614D287CD14F00286FE2 /* Natia_L_HW15 */,
				6047614C287CD14F00286FE2 /* Products */,
			);
			sourceTree = "<group>";
		};
		6047614C287CD14F00286FE2 /* Products */ = {
			isa = PBXGroup;
			children = (
				6047614B287CD14F00286FE2 /* Natia_L_HW15.app */,
			);
			name = Products;
			sourceTree = "<group>";
		};
		6047614D287CD14F00286FE2 /* Natia_L_HW15 */ = {
			isa = PBXGroup;
			children = (
				6047614E287CD14F00286FE2 /* AppDelegate.swift */,
				60476150287CD14F00286FE2 /* SceneDelegate.swift */,
				60CF33BC287D909E00E429E4 /* ViewCornerRadiusExtension.swift */,
				60CF33BE287DA2B000E429E4 /* FormatingLongNumberDouble .swift */,
				60476162287CD1B900286FE2 /* MovieModel.swift */,
				60476152287CD14F00286FE2 /* ViewController.swift */,
				60476166287CD20C00286FE2 /* MovieListTableViewCell.swift */,
				60CF33BA287D8F8A00E429E4 /* DetailsViewController.swift */,
				60476154287CD14F00286FE2 /* Main.storyboard */,
				60CF33B8287D8F4F00E429E4 /* Details.storyboard */,
				60476157287CD14F00286FE2 /* Assets.xcassets */,
				60476159287CD14F00286FE2 /* LaunchScreen.storyboard */,
				6047615C287CD14F00286FE2 /* Info.plist */,
			);
			path = Natia_L_HW15;
			sourceTree = "<group>";
		};
/* End PBXGroup section */

/* Begin PBXNativeTarget section */
		6047614A287CD14F00286FE2 /* Natia_L_HW15 */ = {
			isa = PBXNativeTarget;
			buildConfigurationList = 6047615F287CD14F00286FE2 /* Build configuration list for PBXNativeTarget "Natia_L_HW15" */;
			buildPhases = (
				60476147287CD14F00286FE2 /* Sources */,
				60476148287CD14F00286FE2 /* Frameworks */,
				60476149287CD14F00286FE2 /* Resources */,
			);
			buildRules = (
			);
			dependencies = (
			);
			name = Natia_L_HW15;
			productName = Natia_L_HW15;
			productReference = 6047614B287CD14F00286FE2 /* Natia_L_HW15.app */;
			productType = "com.apple.product-type.application";
		};
/* End PBXNativeTarget section */

/* Begin PBXProject section */
		60476143287CD14F00286FE2 /* Project object */ = {
			isa = PBXProject;
			attributes = {
				BuildIndependentTargetsInParallel = 1;
				LastSwiftUpdateCheck = 1320;
				LastUpgradeCheck = 1320;
				TargetAttributes = {
					6047614A287CD14F00286FE2 = {
						CreatedOnToolsVersion = 13.2.1;
					};
				};
			};
			buildConfigurationList = 60476146287CD14F00286FE2 /* Build configuration list for PBXProject "Natia_L_HW15" */;
			compatibilityVersion = "Xcode 13.0";
			developmentRegion = en;
			hasScannedForEncodings = 0;
			knownRegions = (
				en,
				Base,
			);
			mainGroup = 60476142287CD14F00286FE2;
			productRefGroup = 6047614C287CD14F00286FE2 /* Products */;
			projectDirPath = "";
			projectRoot = "";
			targets = (
				6047614A287CD14F00286FE2 /* Natia_L_HW15 */,
			);
		};
/* End PBXProject section */

/* Begin PBXResourcesBuildPhase section */
		60476149287CD14F00286FE2 /* Resources */ = {
			isa = PBXResourcesBuildPhase;
			buildActionMask = 2147483647;
			files = (
				6047615B287CD14F00286FE2 /* LaunchScreen.storyboard in Resources */,
				60476158287CD14F00286FE2 /* Assets.xcassets in Resources */,
				60476156287CD14F00286FE2 /* Main.storyboard in Resources */,
				60CF33B9287D8F4F00E429E4 /* Details.storyboard in Resources */,
			);
			runOnlyForDeploymentPostprocessing = 0;
		};
/* End PBXResourcesBuildPhase section */

/* Begin PBXSourcesBuildPhase section */
		60476147287CD14F00286FE2 /* Sources */ = {
			isa = PBXSourcesBuildPhase;
			buildActionMask = 2147483647;
			files = (
				60476163287CD1B900286FE2 /* MovieModel.swift in Sources */,
				60476153287CD14F00286FE2 /* ViewController.swift in Sources */,
				6047614F287CD14F00286FE2 /* AppDelegate.swift in Sources */,
				60476167287CD20C00286FE2 /* MovieListTableViewCell.swift in Sources */,
				60CF33BF287DA2B000E429E4 /* FormatingLongNumberDouble .swift in Sources */,
				60CF33BD287D909E00E429E4 /* ViewCornerRadiusExtension.swift in Sources */,
				60476151287CD14F00286FE2 /* SceneDelegate.swift in Sources */,
				60CF33BB287D8F8A00E429E4 /* DetailsViewController.swift in Sources */,
			);
			runOnlyForDeploymentPostprocessing = 0;
		};
/* End PBXSourcesBuildPhase section */

/* Begin PBXVariantGroup section */
		60476154287CD14F00286FE2 /* Main.storyboard */ = {
			isa = PBXVariantGroup;
			children = (
				60476155287CD14F00286FE2 /* Base */,
			);
			name = Main.storyboard;
			sourceTree = "<group>";
		};
		60476159287CD14F00286FE2 /* LaunchScreen.storyboard */ = {
			isa = PBXVariantGroup;
			children = (
				6047615A287CD14F00286FE2 /* Base */,
			);
			name = LaunchScreen.storyboard;
			sourceTree = "<group>";
		};
/* End PBXVariantGroup section */

/* Begin XCBuildConfiguration section */
		6047615D287CD14F00286FE2 /* Debug */ = {
			isa = XCBuildConfiguration;
			buildSettings = {
				ALWAYS_SEARCH_USER_PATHS = NO;
				CLANG_ANALYZER_NONNULL = YES;
				CLANG_ANALYZER_NUMBER_OBJECT_CONVERSION = YES_AGGRESSIVE;
				CLANG_CXX_LANGUAGE_STANDARD = "gnu++17";
				CLANG_CXX_LIBRARY = "libc++";
				CLANG_ENABLE_MODULES = YES;
				CLANG_ENABLE_OBJC_ARC = YES;
				CLANG_ENABLE_OBJC_WEAK = YES;
				CLANG_WARN_BLOCK_CAPTURE_AUTORELEASING = YES;
				CLANG_WARN_BOOL_CONVERSION = YES;
				CLANG_WARN_COMMA = YES;
				CLANG_WARN_CONSTANT_CONVERSION = YES;
				CLANG_WARN_DEPRECATED_OBJC_IMPLEMENTATIONS = YES;
				CLANG_WARN_DIRECT_OBJC_ISA_USAGE = YES_ERROR;
				CLANG_WARN_DOCUMENTATION_COMMENTS = YES;
				CLANG_WARN_EMPTY_BODY = YES;
				CLANG_WARN_ENUM_CONVERSION = YES;
				CLANG_WARN_INFINITE_RECURSION = YES;
				CLANG_WARN_INT_CONVERSION = YES;
				CLANG_WARN_NON_LITERAL_NULL_CONVERSION = YES;
				CLANG_WARN_OBJC_IMPLICIT_RETAIN_SELF = YES;
				CLANG_WARN_OBJC_LITERAL_CONVERSION = YES;
				CLANG_WARN_OBJC_ROOT_CLASS = YES_ERROR;
				CLANG_WARN_QUOTED_INCLUDE_IN_FRAMEWORK_HEADER = YES;
				CLANG_WARN_RANGE_LOOP_ANALYSIS = YES;
				CLANG_WARN_STRICT_PROTOTYPES = YES;
				CLANG_WARN_SUSPICIOUS_MOVE = YES;
				CLANG_WARN_UNGUARDED_AVAILABILITY = YES_AGGRESSIVE;
				CLANG_WARN_UNREACHABLE_CODE = YES;
				CLANG_WARN__DUPLICATE_METHOD_MATCH = YES;
				COPY_PHASE_STRIP = NO;
				DEBUG_INFORMATION_FORMAT = dwarf;
				ENABLE_STRICT_OBJC_MSGSEND = YES;
				ENABLE_TESTABILITY = YES;
				GCC_C_LANGUAGE_STANDARD = gnu11;
				GCC_DYNAMIC_NO_PIC = NO;
				GCC_NO_COMMON_BLOCKS = YES;
				GCC_OPTIMIZATION_LEVEL = 0;
				GCC_PREPROCESSOR_DEFINITIONS = (
					"DEBUG=1",
					"$(inherited)",
				);
				GCC_WARN_64_TO_32_BIT_CONVERSION = YES;
				GCC_WARN_ABOUT_RETURN_TYPE = YES_ERROR;
				GCC_WARN_UNDECLARED_SELECTOR = YES;
				GCC_WARN_UNINITIALIZED_AUTOS = YES_AGGRESSIVE;
				GCC_WARN_UNUSED_FUNCTION = YES;
				GCC_WARN_UNUSED_VARIABLE = YES;
				IPHONEOS_DEPLOYMENT_TARGET = 15.2;
				MTL_ENABLE_DEBUG_INFO = INCLUDE_SOURCE;
				MTL_FAST_MATH = YES;
				ONLY_ACTIVE_ARCH = YES;
				SDKROOT = iphoneos;
				SWIFT_ACTIVE_COMPILATION_CONDITIONS = DEBUG;
				SWIFT_OPTIMIZATION_LEVEL = "-Onone";
			};
			name = Debug;
		};
		6047615E287CD14F00286FE2 /* Release */ = {
			isa = XCBuildConfiguration;
			buildSettings = {
				ALWAYS_SEARCH_USER_PATHS = NO;
				CLANG_ANALYZER_NONNULL = YES;
				CLANG_ANALYZER_NUMBER_OBJECT_CONVERSION = YES_AGGRESSIVE;
				CLANG_CXX_LANGUAGE_STANDARD = "gnu++17";
				CLANG_CXX_LIBRARY = "libc++";
				CLANG_ENABLE_MODULES = YES;
				CLANG_ENABLE_OBJC_ARC = YES;
				CLANG_ENABLE_OBJC_WEAK = YES;
				CLANG_WARN_BLOCK_CAPTURE_AUTORELEASING = YES;
				CLANG_WARN_BOOL_CONVERSION = YES;
				CLANG_WARN_COMMA = YES;
				CLANG_WARN_CONSTANT_CONVERSION = YES;
				CLANG_WARN_DEPRECATED_OBJC_IMPLEMENTATIONS = YES;
				CLANG_WARN_DIRECT_OBJC_ISA_USAGE = YES_ERROR;
				CLANG_WARN_DOCUMENTATION_COMMENTS = YES;
				CLANG_WARN_EMPTY_BODY = YES;
				CLANG_WARN_ENUM_CONVERSION = YES;
				CLANG_WARN_INFINITE_RECURSION = YES;
				CLANG_WARN_INT_CONVERSION = YES;
				CLANG_WARN_NON_LITERAL_NULL_CONVERSION = YES;
				CLANG_WARN_OBJC_IMPLICIT_RETAIN_SELF = YES;
				CLANG_WARN_OBJC_LITERAL_CONVERSION = YES;
				CLANG_WARN_OBJC_ROOT_CLASS = YES_ERROR;
				CLANG_WARN_QUOTED_INCLUDE_IN_FRAMEWORK_HEADER = YES;
				CLANG_WARN_RANGE_LOOP_ANALYSIS = YES;
				CLANG_WARN_STRICT_PROTOTYPES = YES;
				CLANG_WARN_SUSPICIOUS_MOVE = YES;
				CLANG_WARN_UNGUARDED_AVAILABILITY = YES_AGGRESSIVE;
				CLANG_WARN_UNREACHABLE_CODE = YES;
				CLANG_WARN__DUPLICATE_METHOD_MATCH = YES;
				COPY_PHASE_STRIP = NO;
				DEBUG_INFORMATION_FORMAT = "dwarf-with-dsym";
				ENABLE_NS_ASSERTIONS = NO;
				ENABLE_STRICT_OBJC_MSGSEND = YES;
				GCC_C_LANGUAGE_STANDARD = gnu11;
				GCC_NO_COMMON_BLOCKS = YES;
				GCC_WARN_64_TO_32_BIT_CONVERSION = YES;
				GCC_WARN_ABOUT_RETURN_TYPE = YES_ERROR;
				GCC_WARN_UNDECLARED_SELECTOR = YES;
				GCC_WARN_UNINITIALIZED_AUTOS = YES_AGGRESSIVE;
				GCC_WARN_UNUSED_FUNCTION = YES;
				GCC_WARN_UNUSED_VARIABLE = YES;
				IPHONEOS_DEPLOYMENT_TARGET = 15.2;
				MTL_ENABLE_DEBUG_INFO = NO;
				MTL_FAST_MATH = YES;
				SDKROOT = iphoneos;
				SWIFT_COMPILATION_MODE = wholemodule;
				SWIFT_OPTIMIZATION_LEVEL = "-O";
				VALIDATE_PRODUCT = YES;
			};
			name = Release;
		};
		60476160287CD14F00286FE2 /* Debug */ = {
			isa = XCBuildConfiguration;
			buildSettings = {
				ASSETCATALOG_COMPILER_APPICON_NAME = AppIcon;
				ASSETCATALOG_COMPILER_GLOBAL_ACCENT_COLOR_NAME = AccentColor;
				CODE_SIGN_STYLE = Automatic;
				CURRENT_PROJECT_VERSION = 1;
				GENERATE_INFOPLIST_FILE = YES;
				INFOPLIST_FILE = Natia_L_HW15/Info.plist;
				INFOPLIST_KEY_UIApplicationSupportsIndirectInputEvents = YES;
				INFOPLIST_KEY_UILaunchStoryboardName = LaunchScreen;
				INFOPLIST_KEY_UIMainStoryboardFile = Main;
				INFOPLIST_KEY_UISupportedInterfaceOrientations_iPad = "UIInterfaceOrientationPortrait UIInterfaceOrientationPortraitUpsideDown UIInterfaceOrientationLandscapeLeft UIInterfaceOrientationLandscapeRight";
				INFOPLIST_KEY_UISupportedInterfaceOrientations_iPhone = "UIInterfaceOrientationPortrait UIInterfaceOrientationLandscapeLeft UIInterfaceOrientationLandscapeRight";
				LD_RUNPATH_SEARCH_PATHS = (
					"$(inherited)",
					"@executable_path/Frameworks",
				);
				MARKETING_VERSION = 1.0;
				PRODUCT_BUNDLE_IDENTIFIER = "NatiaLobzhanidze.Natia-L-HW15";
				PRODUCT_NAME = "$(TARGET_NAME)";
				SWIFT_EMIT_LOC_STRINGS = YES;
				SWIFT_VERSION = 5.0;
				TARGETED_DEVICE_FAMILY = "1,2";
			};
			name = Debug;
		};
		60476161287CD14F00286FE2 /* Release */ = {
			isa = XCBuildConfiguration;
			buildSettings = {
				ASSETCATALOG_COMPILER_APPICON_NAME = AppIcon;
				ASSETCATALOG_COMPILER_GLOBAL_ACCENT_COLOR_NAME = AccentColor;
				CODE_SIGN_STYLE = Automatic;
				CURRENT_PROJECT_VERSION = 1;
				GENERATE_INFOPLIST_FILE = YES;
				INFOPLIST_FILE = Natia_L_HW15/Info.plist;
				INFOPLIST_KEY_UIApplicationSupportsIndirectInputEvents = YES;
				INFOPLIST_KEY_UILaunchStoryboardName = LaunchScreen;
				INFOPLIST_KEY_UIMainStoryboardFile = Main;
				INFOPLIST_KEY_UISupportedInterfaceOrientations_iPad = "UIInterfaceOrientationPortrait UIInterfaceOrientationPortraitUpsideDown UIInterfaceOrientationLandscapeLeft UIInterfaceOrientationLandscapeRight";
				INFOPLIST_KEY_UISupportedInterfaceOrientations_iPhone = "UIInterfaceOrientationPortrait UIInterfaceOrientationLandscapeLeft UIInterfaceOrientationLandscapeRight";
				LD_RUNPATH_SEARCH_PATHS = (
					"$(inherited)",
					"@executable_path/Frameworks",
				);
				MARKETING_VERSION = 1.0;
				PRODUCT_BUNDLE_IDENTIFIER = "NatiaLobzhanidze.Natia-L-HW15";
				PRODUCT_NAME = "$(TARGET_NAME)";
				SWIFT_EMIT_LOC_STRINGS = YES;
				SWIFT_VERSION = 5.0;
				TARGETED_DEVICE_FAMILY = "1,2";
			};
			name = Release;
		};
/* End XCBuildConfiguration section */

/* Begin XCConfigurationList section */
		60476146287CD14F00286FE2 /* Build configuration list for PBXProject "Natia_L_HW15" */ = {
			isa = XCConfigurationList;
			buildConfigurations = (
				6047615D287CD14F00286FE2 /* Debug */,
				6047615E287CD14F00286FE2 /* Release */,
			);
			defaultConfigurationIsVisible = 0;
			defaultConfigurationName = Release;
		};
		6047615F287CD14F00286FE2 /* Build configuration list for PBXNativeTarget "Natia_L_HW15" */ = {
			isa = XCConfigurationList;
			buildConfigurations = (
				60476160287CD14F00286FE2 /* Debug */,
				60476161287CD14F00286FE2 /* Release */,
			);
			defaultConfigurationIsVisible = 0;
			defaultConfigurationName = Release;
		};
/* End XCConfigurationList section */
	};
	rootObject = 60476143287CD14F00286FE2 /* Project object */;
}
